
Microsoft Visual Studio Solution File, Format Version 12.00
# Visual Studio Version 17
VisualStudioVersion = 17.14.36518.9 d17.14
MinimumVisualStudioVersion = 10.0.40219.1
Project("{FAE04EC0-301F-11D3-BF4B-00C04F79EFBC}") = "Globals", "Globals.csproj", "{D9F2B164-185E-4755-8B91-E2119B184E59}"
EndProject
Global
	GlobalSection(SolutionConfigurationPlatforms) = preSolution
		Debug|Any CPU = Debug|Any CPU
		Release|Any CPU = Release|Any CPU
	EndGlobalSection
	GlobalSection(ProjectConfigurationPlatforms) = postSolution
		{D9F2B164-185E-4755-8B91-E2119B184E59}.Debug|Any CPU.ActiveCfg = Debug|Any CPU
		{D9F2B164-185E-4755-8B91-E2119B184E59}.Debug|Any CPU.Build.0 = Debug|Any CPU
		{D9F2B164-185E-4755-8B91-E2119B184E59}.Release|Any CPU.ActiveCfg = Release|Any CPU
		{D9F2B164-185E-4755-8B91-E2119B184E59}.Release|Any CPU.Build.0 = Release|Any CPU
	EndGlobalSection
	GlobalSection(SolutionProperties) = preSolution
		HideSolutionNode = FALSE
	EndGlobalSection
	GlobalSection(ExtensibilityGlobals) = postSolution
		SolutionGuid = {F2B48DB0-3495-4D18-BA92-C23F8E9679AB}
	EndGlobalSection
EndGlobal
