
Microsoft Visual Studio Solution File, Format Version 12.00
# Visual Studio Version 17
VisualStudioVersion = 17.14.36518.9
MinimumVisualStudioVersion = 10.0.40219.1
Project("{FAE04EC0-301F-11D3-BF4B-00C04F79EFBC}") = "booking", "booking\booking.csproj", "{93F64415-B874-4D18-9932-F2FCF4ED34C4}"
EndProject
Project("{FAE04EC0-301F-11D3-BF4B-00C04F79EFBC}") = "WebApiGetway", "WebApiGetway\WebApiGetway.csproj", "{0CC9B63B-CBC3-48E4-99B7-55B7452A5EC3}"
EndProject
Project("{FAE04EC0-301F-11D3-BF4B-00C04F79EFBC}") = "UserApiService", "UserApiService\UserApiService.csproj", "{13040989-D6C3-46A0-BF80-921BBD379DB8}"
EndProject
Project("{E53339B2-1760-4266-BCC7-CA923CBCF16C}") = "docker-compose", "docker-compose.dcproj", "{81DDED9D-158B-E303-5F62-77A2896D2A5A}"
EndProject
Project("{FAE04EC0-301F-11D3-BF4B-00C04F79EFBC}") = "Globals", "..\Globals\Globals.csproj", "{6C007FC3-C804-4D7D-B034-DA8E607DE0DA}"
EndProject
Project("{FAE04EC0-301F-11D3-BF4B-00C04F79EFBC}") = "RentObjectApiService", "RentObjectApiService\RentObjectApiService.csproj", "{E32B0AA7-6177-41CC-BCD6-A3C727B0AFDE}"
	ProjectSection(ProjectDependencies) = postProject
		{6C007FC3-C804-4D7D-B034-DA8E607DE0DA} = {6C007FC3-C804-4D7D-B034-DA8E607DE0DA}
	EndProjectSection
EndProject
Project("{FAE04EC0-301F-11D3-BF4B-00C04F79EFBC}") = "OfferApiService", "OfferApiService\OfferApiService.csproj", "{6FDA3DAE-690E-40A7-977E-48A78D3EA002}"
EndProject
Project("{FAE04EC0-301F-11D3-BF4B-00C04F79EFBC}") = "OrderApiService", "OrderApiService\OrderApiService.csproj", "{C1525F0C-DE32-4CC8-96C1-C57F409B4E16}"
EndProject
Project("{FAE04EC0-301F-11D3-BF4B-00C04F79EFBC}") = "ReviewApiService", "CommentService\ReviewApiService.csproj", "{9899E7E9-9EF4-4758-BE41-7C4F8748C248}"
EndProject
Global
	GlobalSection(SolutionConfigurationPlatforms) = preSolution
		Debug|Any CPU = Debug|Any CPU
		Release|Any CPU = Release|Any CPU
	EndGlobalSection
	GlobalSection(ProjectConfigurationPlatforms) = postSolution
		{93F64415-B874-4D18-9932-F2FCF4ED34C4}.Debug|Any CPU.ActiveCfg = Debug|Any CPU
		{93F64415-B874-4D18-9932-F2FCF4ED34C4}.Debug|Any CPU.Build.0 = Debug|Any CPU
		{93F64415-B874-4D18-9932-F2FCF4ED34C4}.Release|Any CPU.ActiveCfg = Release|Any CPU
		{93F64415-B874-4D18-9932-F2FCF4ED34C4}.Release|Any CPU.Build.0 = Release|Any CPU
		{0CC9B63B-CBC3-48E4-99B7-55B7452A5EC3}.Debug|Any CPU.ActiveCfg = Debug|Any CPU
		{0CC9B63B-CBC3-48E4-99B7-55B7452A5EC3}.Debug|Any CPU.Build.0 = Debug|Any CPU
		{0CC9B63B-CBC3-48E4-99B7-55B7452A5EC3}.Release|Any CPU.ActiveCfg = Release|Any CPU
		{0CC9B63B-CBC3-48E4-99B7-55B7452A5EC3}.Release|Any CPU.Build.0 = Release|Any CPU
		{13040989-D6C3-46A0-BF80-921BBD379DB8}.Debug|Any CPU.ActiveCfg = Debug|Any CPU
		{13040989-D6C3-46A0-BF80-921BBD379DB8}.Debug|Any CPU.Build.0 = Debug|Any CPU
		{13040989-D6C3-46A0-BF80-921BBD379DB8}.Release|Any CPU.ActiveCfg = Release|Any CPU
		{13040989-D6C3-46A0-BF80-921BBD379DB8}.Release|Any CPU.Build.0 = Release|Any CPU
		{81DDED9D-158B-E303-5F62-77A2896D2A5A}.Debug|Any CPU.ActiveCfg = Debug|Any CPU
		{81DDED9D-158B-E303-5F62-77A2896D2A5A}.Debug|Any CPU.Build.0 = Debug|Any CPU
		{81DDED9D-158B-E303-5F62-77A2896D2A5A}.Release|Any CPU.ActiveCfg = Release|Any CPU
		{81DDED9D-158B-E303-5F62-77A2896D2A5A}.Release|Any CPU.Build.0 = Release|Any CPU
		{6C007FC3-C804-4D7D-B034-DA8E607DE0DA}.Debug|Any CPU.ActiveCfg = Debug|Any CPU
		{6C007FC3-C804-4D7D-B034-DA8E607DE0DA}.Debug|Any CPU.Build.0 = Debug|Any CPU
		{6C007FC3-C804-4D7D-B034-DA8E607DE0DA}.Release|Any CPU.ActiveCfg = Release|Any CPU
		{6C007FC3-C804-4D7D-B034-DA8E607DE0DA}.Release|Any CPU.Build.0 = Release|Any CPU
		{E32B0AA7-6177-41CC-BCD6-A3C727B0AFDE}.Debug|Any CPU.ActiveCfg = Debug|Any CPU
		{E32B0AA7-6177-41CC-BCD6-A3C727B0AFDE}.Debug|Any CPU.Build.0 = Debug|Any CPU
		{E32B0AA7-6177-41CC-BCD6-A3C727B0AFDE}.Release|Any CPU.ActiveCfg = Release|Any CPU
		{E32B0AA7-6177-41CC-BCD6-A3C727B0AFDE}.Release|Any CPU.Build.0 = Release|Any CPU
		{6FDA3DAE-690E-40A7-977E-48A78D3EA002}.Debug|Any CPU.ActiveCfg = Debug|Any CPU
		{6FDA3DAE-690E-40A7-977E-48A78D3EA002}.Debug|Any CPU.Build.0 = Debug|Any CPU
		{6FDA3DAE-690E-40A7-977E-48A78D3EA002}.Release|Any CPU.ActiveCfg = Release|Any CPU
		{6FDA3DAE-690E-40A7-977E-48A78D3EA002}.Release|Any CPU.Build.0 = Release|Any CPU
		{C1525F0C-DE32-4CC8-96C1-C57F409B4E16}.Debug|Any CPU.ActiveCfg = Debug|Any CPU
		{C1525F0C-DE32-4CC8-96C1-C57F409B4E16}.Debug|Any CPU.Build.0 = Debug|Any CPU
		{C1525F0C-DE32-4CC8-96C1-C57F409B4E16}.Release|Any CPU.ActiveCfg = Release|Any CPU
		{C1525F0C-DE32-4CC8-96C1-C57F409B4E16}.Release|Any CPU.Build.0 = Release|Any CPU
		{9899E7E9-9EF4-4758-BE41-7C4F8748C248}.Debug|Any CPU.ActiveCfg = Debug|Any CPU
		{9899E7E9-9EF4-4758-BE41-7C4F8748C248}.Debug|Any CPU.Build.0 = Debug|Any CPU
		{9899E7E9-9EF4-4758-BE41-7C4F8748C248}.Release|Any CPU.ActiveCfg = Release|Any CPU
		{9899E7E9-9EF4-4758-BE41-7C4F8748C248}.Release|Any CPU.Build.0 = Release|Any CPU
	EndGlobalSection
	GlobalSection(SolutionProperties) = preSolution
		HideSolutionNode = FALSE
	EndGlobalSection
	GlobalSection(ExtensibilityGlobals) = postSolution
		SolutionGuid = {3277290A-0889-4DE7-B71B-81C2F34C9627}
	EndGlobalSection
EndGlobal
